// !$*UTF8*$!
{
	archiveVersion = 1;
	classes = {
	};
	objectVersion = 52;
	objects = {

/* Begin PBXBuildFile section */
		4612CD4D217E439400C1B4F7 /* RootTabViewController.swift in Sources */ = {isa = PBXBuildFile; fileRef = 4612CD4C217E439400C1B4F7 /* RootTabViewController.swift */; };
		4612CD51217E5BF500C1B4F7 /* TinderBar.swift in Sources */ = {isa = PBXBuildFile; fileRef = 4612CD50217E5BF500C1B4F7 /* TinderBar.swift */; };
		4612CD53217E5C0400C1B4F7 /* TinderBarLayout.swift in Sources */ = {isa = PBXBuildFile; fileRef = 4612CD52217E5C0400C1B4F7 /* TinderBarLayout.swift */; };
		4612CD632180E70B00C1B4F7 /* TinderBarButton.swift in Sources */ = {isa = PBXBuildFile; fileRef = 4612CD622180E70B00C1B4F7 /* TinderBarButton.swift */; };
		4612CD652180EB7800C1B4F7 /* TinderBarButtonContainer.swift in Sources */ = {isa = PBXBuildFile; fileRef = 4612CD642180EB7800C1B4F7 /* TinderBarButtonContainer.swift */; };
		4612CD672180FFE900C1B4F7 /* TinderColors.swift in Sources */ = {isa = PBXBuildFile; fileRef = 4612CD662180FFE900C1B4F7 /* TinderColors.swift */; };
		4612CD6A218101EC00C1B4F7 /* UIColor+Interpolation.swift in Sources */ = {isa = PBXBuildFile; fileRef = 4612CD69218101EC00C1B4F7 /* UIColor+Interpolation.swift */; };
		4612CD6C2181058900C1B4F7 /* MessagesTabViewController.swift in Sources */ = {isa = PBXBuildFile; fileRef = 4612CD6B2181058900C1B4F7 /* MessagesTabViewController.swift */; };
		4612CD6E218105AC00C1B4F7 /* MessagesFeedViewController.swift in Sources */ = {isa = PBXBuildFile; fileRef = 4612CD6D218105AC00C1B4F7 /* MessagesFeedViewController.swift */; };
		4612CD70218106CF00C1B4F7 /* MessagesBar.swift in Sources */ = {isa = PBXBuildFile; fileRef = 4612CD6F218106CF00C1B4F7 /* MessagesBar.swift */; };
		464264EF217E3FCD0001C4AF /* AppDelegate.swift in Sources */ = {isa = PBXBuildFile; fileRef = 464264EE217E3FCD0001C4AF /* AppDelegate.swift */; };
		464264F4217E3FCD0001C4AF /* Root.storyboard in Resources */ = {isa = PBXBuildFile; fileRef = 464264F2217E3FCD0001C4AF /* Root.storyboard */; };
		464264F6217E3FCF0001C4AF /* Assets.xcassets in Resources */ = {isa = PBXBuildFile; fileRef = 464264F5217E3FCF0001C4AF /* Assets.xcassets */; };
		464264F9217E3FCF0001C4AF /* LaunchScreen.storyboard in Resources */ = {isa = PBXBuildFile; fileRef = 464264F7217E3FCF0001C4AF /* LaunchScreen.storyboard */; };
		46426509217E41E10001C4AF /* MessagesViewController.swift in Sources */ = {isa = PBXBuildFile; fileRef = 46426508217E41E10001C4AF /* MessagesViewController.swift */; };
		4642650E217E42270001C4AF /* ProfileViewController.swift in Sources */ = {isa = PBXBuildFile; fileRef = 4642650D217E42270001C4AF /* ProfileViewController.swift */; };
		46426510217E42A60001C4AF /* Profile.storyboard in Resources */ = {isa = PBXBuildFile; fileRef = 4642650F217E42A60001C4AF /* Profile.storyboard */; };
		46426512217E42BA0001C4AF /* Messages.storyboard in Resources */ = {isa = PBXBuildFile; fileRef = 46426511217E42BA0001C4AF /* Messages.storyboard */; };
		46426515217E42F20001C4AF /* MatchesViewController.swift in Sources */ = {isa = PBXBuildFile; fileRef = 46426514217E42F20001C4AF /* MatchesViewController.swift */; };
		46426517217E43040001C4AF /* Matches.storyboard in Resources */ = {isa = PBXBuildFile; fileRef = 46426516217E43040001C4AF /* Matches.storyboard */; };
		46D36A4D218614CC0013635D /* MessagesMessageCell.swift in Sources */ = {isa = PBXBuildFile; fileRef = 46D36A4C218614CC0013635D /* MessagesMessageCell.swift */; };
		46D36A4F218614D40013635D /* MessagesMessageCell.xib in Resources */ = {isa = PBXBuildFile; fileRef = 46D36A4E218614D40013635D /* MessagesMessageCell.xib */; };
		46D36A51218617ED0013635D /* MessagesFeedCell.swift in Sources */ = {isa = PBXBuildFile; fileRef = 46D36A50218617ED0013635D /* MessagesFeedCell.swift */; };
		46D36A53218617F60013635D /* MessagesFeedCell.xib in Resources */ = {isa = PBXBuildFile; fileRef = 46D36A52218617F60013635D /* MessagesFeedCell.xib */; };
		46F12DF823292C3B000EC76A /* Tabman in Frameworks */ = {isa = PBXBuildFile; productRef = 46F12DF723292C3B000EC76A /* Tabman */; };
/* End PBXBuildFile section */

/* Begin PBXFileReference section */
		4612CD4C217E439400C1B4F7 /* RootTabViewController.swift */ = {isa = PBXFileReference; lastKnownFileType = sourcecode.swift; path = RootTabViewController.swift; sourceTree = "<group>"; };
		4612CD50217E5BF500C1B4F7 /* TinderBar.swift */ = {isa = PBXFileReference; lastKnownFileType = sourcecode.swift; path = TinderBar.swift; sourceTree = "<group>"; };
		4612CD52217E5C0400C1B4F7 /* TinderBarLayout.swift */ = {isa = PBXFileReference; lastKnownFileType = sourcecode.swift; path = TinderBarLayout.swift; sourceTree = "<group>"; };
		4612CD622180E70B00C1B4F7 /* TinderBarButton.swift */ = {isa = PBXFileReference; lastKnownFileType = sourcecode.swift; path = TinderBarButton.swift; sourceTree = "<group>"; };
		4612CD642180EB7800C1B4F7 /* TinderBarButtonContainer.swift */ = {isa = PBXFileReference; lastKnownFileType = sourcecode.swift; path = TinderBarButtonContainer.swift; sourceTree = "<group>"; };
		4612CD662180FFE900C1B4F7 /* TinderColors.swift */ = {isa = PBXFileReference; lastKnownFileType = sourcecode.swift; path = TinderColors.swift; sourceTree = "<group>"; };
		4612CD69218101EC00C1B4F7 /* UIColor+Interpolation.swift */ = {isa = PBXFileReference; lastKnownFileType = sourcecode.swift; path = "UIColor+Interpolation.swift"; sourceTree = "<group>"; };
		4612CD6B2181058900C1B4F7 /* MessagesTabViewController.swift */ = {isa = PBXFileReference; lastKnownFileType = sourcecode.swift; path = MessagesTabViewController.swift; sourceTree = "<group>"; };
		4612CD6D218105AC00C1B4F7 /* MessagesFeedViewController.swift */ = {isa = PBXFileReference; lastKnownFileType = sourcecode.swift; path = MessagesFeedViewController.swift; sourceTree = "<group>"; };
		4612CD6F218106CF00C1B4F7 /* MessagesBar.swift */ = {isa = PBXFileReference; lastKnownFileType = sourcecode.swift; path = MessagesBar.swift; sourceTree = "<group>"; };
		464264EB217E3FCD0001C4AF /* Tinderbar.app */ = {isa = PBXFileReference; explicitFileType = wrapper.application; includeInIndex = 0; path = Tinderbar.app; sourceTree = BUILT_PRODUCTS_DIR; };
		464264EE217E3FCD0001C4AF /* AppDelegate.swift */ = {isa = PBXFileReference; lastKnownFileType = sourcecode.swift; path = AppDelegate.swift; sourceTree = "<group>"; };
		464264F3217E3FCD0001C4AF /* Base */ = {isa = PBXFileReference; lastKnownFileType = file.storyboard; name = Base; path = Base.lproj/Root.storyboard; sourceTree = "<group>"; };
		464264F5217E3FCF0001C4AF /* Assets.xcassets */ = {isa = PBXFileReference; lastKnownFileType = folder.assetcatalog; path = Assets.xcassets; sourceTree = "<group>"; };
		464264F8217E3FCF0001C4AF /* Base */ = {isa = PBXFileReference; lastKnownFileType = file.storyboard; name = Base; path = Base.lproj/LaunchScreen.storyboard; sourceTree = "<group>"; };
		464264FA217E3FCF0001C4AF /* Info.plist */ = {isa = PBXFileReference; lastKnownFileType = text.plist.xml; path = Info.plist; sourceTree = "<group>"; };
		46426501217E40B00001C4AF /* Pageboy.framework */ = {isa = PBXFileReference; lastKnownFileType = wrapper.framework; name = Pageboy.framework; path = ../Carthage/Build/iOS/Pageboy.framework; sourceTree = "<group>"; };
		46426502217E40B00001C4AF /* AutoInsetter.framework */ = {isa = PBXFileReference; lastKnownFileType = wrapper.framework; name = AutoInsetter.framework; path = ../Carthage/Build/iOS/AutoInsetter.framework; sourceTree = "<group>"; };
		46426503217E40B00001C4AF /* Tabman.framework */ = {isa = PBXFileReference; lastKnownFileType = wrapper.framework; name = Tabman.framework; path = ../Carthage/Build/iOS/Tabman.framework; sourceTree = "<group>"; };
		46426508217E41E10001C4AF /* MessagesViewController.swift */ = {isa = PBXFileReference; lastKnownFileType = sourcecode.swift; path = MessagesViewController.swift; sourceTree = "<group>"; };
		4642650D217E42270001C4AF /* ProfileViewController.swift */ = {isa = PBXFileReference; lastKnownFileType = sourcecode.swift; path = ProfileViewController.swift; sourceTree = "<group>"; };
		4642650F217E42A60001C4AF /* Profile.storyboard */ = {isa = PBXFileReference; lastKnownFileType = file.storyboard; path = Profile.storyboard; sourceTree = "<group>"; };
		46426511217E42BA0001C4AF /* Messages.storyboard */ = {isa = PBXFileReference; lastKnownFileType = file.storyboard; path = Messages.storyboard; sourceTree = "<group>"; };
		46426514217E42F20001C4AF /* MatchesViewController.swift */ = {isa = PBXFileReference; lastKnownFileType = sourcecode.swift; path = MatchesViewController.swift; sourceTree = "<group>"; };
		46426516217E43040001C4AF /* Matches.storyboard */ = {isa = PBXFileReference; lastKnownFileType = file.storyboard; path = Matches.storyboard; sourceTree = "<group>"; };
		46D36A4C218614CC0013635D /* MessagesMessageCell.swift */ = {isa = PBXFileReference; lastKnownFileType = sourcecode.swift; path = MessagesMessageCell.swift; sourceTree = "<group>"; };
		46D36A4E218614D40013635D /* MessagesMessageCell.xib */ = {isa = PBXFileReference; lastKnownFileType = file.xib; path = MessagesMessageCell.xib; sourceTree = "<group>"; };
		46D36A50218617ED0013635D /* MessagesFeedCell.swift */ = {isa = PBXFileReference; lastKnownFileType = sourcecode.swift; path = MessagesFeedCell.swift; sourceTree = "<group>"; };
		46D36A52218617F60013635D /* MessagesFeedCell.xib */ = {isa = PBXFileReference; lastKnownFileType = file.xib; path = MessagesFeedCell.xib; sourceTree = "<group>"; };
/* End PBXFileReference section */

/* Begin PBXFrameworksBuildPhase section */
		464264E8217E3FCD0001C4AF /* Frameworks */ = {
			isa = PBXFrameworksBuildPhase;
			buildActionMask = 2147483647;
			files = (
				46F12DF823292C3B000EC76A /* Tabman in Frameworks */,
			);
			runOnlyForDeploymentPostprocessing = 0;
		};
/* End PBXFrameworksBuildPhase section */

/* Begin PBXGroup section */
		4612CD4E217E43C600C1B4F7 /* Resources */ = {
			isa = PBXGroup;
			children = (
				464264F5217E3FCF0001C4AF /* Assets.xcassets */,
				464264F7217E3FCF0001C4AF /* LaunchScreen.storyboard */,
				464264FA217E3FCF0001C4AF /* Info.plist */,
				4612CD662180FFE900C1B4F7 /* TinderColors.swift */,
			);
			name = Resources;
			sourceTree = "<group>";
		};
		4612CD4F217E5BE600C1B4F7 /* Bars */ = {
			isa = PBXGroup;
			children = (
				46D36A5421861BE90013635D /* TinderBar */,
				46D36A5521861BF40013635D /* MessagesBar */,
			);
			path = Bars;
			sourceTree = "<group>";
		};
		4612CD68218101CD00C1B4F7 /* Utilities */ = {
			isa = PBXGroup;
			children = (
				4612CD69218101EC00C1B4F7 /* UIColor+Interpolation.swift */,
			);
			path = Utilities;
			sourceTree = "<group>";
		};
		464264E2217E3FCD0001C4AF = {
			isa = PBXGroup;
			children = (
				464264ED217E3FCD0001C4AF /* Tinderbar */,
				464264EC217E3FCD0001C4AF /* Products */,
				46426500217E40B00001C4AF /* Frameworks */,
			);
			sourceTree = "<group>";
		};
		464264EC217E3FCD0001C4AF /* Products */ = {
			isa = PBXGroup;
			children = (
				464264EB217E3FCD0001C4AF /* Tinderbar.app */,
			);
			name = Products;
			sourceTree = "<group>";
		};
		464264ED217E3FCD0001C4AF /* Tinderbar */ = {
			isa = PBXGroup;
			children = (
				464264EE217E3FCD0001C4AF /* AppDelegate.swift */,
				464264F2217E3FCD0001C4AF /* Root.storyboard */,
				4612CD4C217E439400C1B4F7 /* RootTabViewController.swift */,
				4612CD4F217E5BE600C1B4F7 /* Bars */,
				4642650A217E41F30001C4AF /* ViewControllers */,
				4612CD68218101CD00C1B4F7 /* Utilities */,
				4612CD4E217E43C600C1B4F7 /* Resources */,
			);
			path = Tinderbar;
			sourceTree = "<group>";
		};
		46426500217E40B00001C4AF /* Frameworks */ = {
			isa = PBXGroup;
			children = (
				46426502217E40B00001C4AF /* AutoInsetter.framework */,
				46426501217E40B00001C4AF /* Pageboy.framework */,
				46426503217E40B00001C4AF /* Tabman.framework */,
			);
			name = Frameworks;
			sourceTree = "<group>";
		};
		4642650A217E41F30001C4AF /* ViewControllers */ = {
			isa = PBXGroup;
			children = (
				4642650C217E42110001C4AF /* Profile */,
				46426513217E42DB0001C4AF /* Matches */,
				4642650B217E41FC0001C4AF /* Messages */,
			);
			path = ViewControllers;
			sourceTree = "<group>";
		};
		4642650B217E41FC0001C4AF /* Messages */ = {
			isa = PBXGroup;
			children = (
				46426511217E42BA0001C4AF /* Messages.storyboard */,
				4612CD6B2181058900C1B4F7 /* MessagesTabViewController.swift */,
				46426508217E41E10001C4AF /* MessagesViewController.swift */,
				4612CD6D218105AC00C1B4F7 /* MessagesFeedViewController.swift */,
				46D36A4B218614BF0013635D /* Views */,
			);
			path = Messages;
			sourceTree = "<group>";
		};
		4642650C217E42110001C4AF /* Profile */ = {
			isa = PBXGroup;
			children = (
				4642650F217E42A60001C4AF /* Profile.storyboard */,
				4642650D217E42270001C4AF /* ProfileViewController.swift */,
			);
			path = Profile;
			sourceTree = "<group>";
		};
		46426513217E42DB0001C4AF /* Matches */ = {
			isa = PBXGroup;
			children = (
				46426516217E43040001C4AF /* Matches.storyboard */,
				46426514217E42F20001C4AF /* MatchesViewController.swift */,
			);
			path = Matches;
			sourceTree = "<group>";
		};
		46D36A4B218614BF0013635D /* Views */ = {
			isa = PBXGroup;
			children = (
				46D36A4C218614CC0013635D /* MessagesMessageCell.swift */,
				46D36A4E218614D40013635D /* MessagesMessageCell.xib */,
				46D36A50218617ED0013635D /* MessagesFeedCell.swift */,
				46D36A52218617F60013635D /* MessagesFeedCell.xib */,
			);
			path = Views;
			sourceTree = "<group>";
		};
		46D36A5421861BE90013635D /* TinderBar */ = {
			isa = PBXGroup;
			children = (
				4612CD50217E5BF500C1B4F7 /* TinderBar.swift */,
				4612CD52217E5C0400C1B4F7 /* TinderBarLayout.swift */,
				4612CD642180EB7800C1B4F7 /* TinderBarButtonContainer.swift */,
				4612CD622180E70B00C1B4F7 /* TinderBarButton.swift */,
			);
			path = TinderBar;
			sourceTree = "<group>";
		};
		46D36A5521861BF40013635D /* MessagesBar */ = {
			isa = PBXGroup;
			children = (
				4612CD6F218106CF00C1B4F7 /* MessagesBar.swift */,
			);
			path = MessagesBar;
			sourceTree = "<group>";
		};
/* End PBXGroup section */

/* Begin PBXNativeTarget section */
		464264EA217E3FCD0001C4AF /* Tinderbar */ = {
			isa = PBXNativeTarget;
			buildConfigurationList = 464264FD217E3FCF0001C4AF /* Build configuration list for PBXNativeTarget "Tinderbar" */;
			buildPhases = (
				464264E7217E3FCD0001C4AF /* Sources */,
				464264E8217E3FCD0001C4AF /* Frameworks */,
				464264E9217E3FCD0001C4AF /* Resources */,
			);
			buildRules = (
			);
			dependencies = (
			);
			name = Tinderbar;
			packageProductDependencies = (
				46F12DF723292C3B000EC76A /* Tabman */,
			);
			productName = Tinderbar;
			productReference = 464264EB217E3FCD0001C4AF /* Tinderbar.app */;
			productType = "com.apple.product-type.application";
		};
/* End PBXNativeTarget section */

/* Begin PBXProject section */
		464264E3217E3FCD0001C4AF /* Project object */ = {
			isa = PBXProject;
			attributes = {
				LastSwiftUpdateCheck = 1000;
				LastUpgradeCheck = 1000;
				ORGANIZATIONNAME = "UI At Six";
				TargetAttributes = {
					464264EA217E3FCD0001C4AF = {
						CreatedOnToolsVersion = 10.0;
					};
				};
			};
			buildConfigurationList = 464264E6217E3FCD0001C4AF /* Build configuration list for PBXProject "Tinderbar" */;
			compatibilityVersion = "Xcode 9.3";
			developmentRegion = en;
			hasScannedForEncodings = 0;
			knownRegions = (
				en,
				Base,
			);
			mainGroup = 464264E2217E3FCD0001C4AF;
			packageReferences = (
				46F12DF623292C3B000EC76A /* XCRemoteSwiftPackageReference "Tabman" */,
			);
			productRefGroup = 464264EC217E3FCD0001C4AF /* Products */;
			projectDirPath = "";
			projectRoot = "";
			targets = (
				464264EA217E3FCD0001C4AF /* Tinderbar */,
			);
		};
/* End PBXProject section */

/* Begin PBXResourcesBuildPhase section */
		464264E9217E3FCD0001C4AF /* Resources */ = {
			isa = PBXResourcesBuildPhase;
			buildActionMask = 2147483647;
			files = (
				464264F9217E3FCF0001C4AF /* LaunchScreen.storyboard in Resources */,
				46D36A53218617F60013635D /* MessagesFeedCell.xib in Resources */,
				464264F6217E3FCF0001C4AF /* Assets.xcassets in Resources */,
				46426517217E43040001C4AF /* Matches.storyboard in Resources */,
				46426510217E42A60001C4AF /* Profile.storyboard in Resources */,
				46426512217E42BA0001C4AF /* Messages.storyboard in Resources */,
				464264F4217E3FCD0001C4AF /* Root.storyboard in Resources */,
				46D36A4F218614D40013635D /* MessagesMessageCell.xib in Resources */,
			);
			runOnlyForDeploymentPostprocessing = 0;
		};
/* End PBXResourcesBuildPhase section */

/* Begin PBXSourcesBuildPhase section */
		464264E7217E3FCD0001C4AF /* Sources */ = {
			isa = PBXSourcesBuildPhase;
			buildActionMask = 2147483647;
			files = (
				4612CD6C2181058900C1B4F7 /* MessagesTabViewController.swift in Sources */,
				4642650E217E42270001C4AF /* ProfileViewController.swift in Sources */,
				46D36A4D218614CC0013635D /* MessagesMessageCell.swift in Sources */,
				46426509217E41E10001C4AF /* MessagesViewController.swift in Sources */,
				4612CD53217E5C0400C1B4F7 /* TinderBarLayout.swift in Sources */,
				4612CD6E218105AC00C1B4F7 /* MessagesFeedViewController.swift in Sources */,
				4612CD672180FFE900C1B4F7 /* TinderColors.swift in Sources */,
				46426515217E42F20001C4AF /* MatchesViewController.swift in Sources */,
				4612CD70218106CF00C1B4F7 /* MessagesBar.swift in Sources */,
				4612CD51217E5BF500C1B4F7 /* TinderBar.swift in Sources */,
				464264EF217E3FCD0001C4AF /* AppDelegate.swift in Sources */,
				4612CD4D217E439400C1B4F7 /* RootTabViewController.swift in Sources */,
				4612CD652180EB7800C1B4F7 /* TinderBarButtonContainer.swift in Sources */,
				46D36A51218617ED0013635D /* MessagesFeedCell.swift in Sources */,
				4612CD6A218101EC00C1B4F7 /* UIColor+Interpolation.swift in Sources */,
				4612CD632180E70B00C1B4F7 /* TinderBarButton.swift in Sources */,
			);
			runOnlyForDeploymentPostprocessing = 0;
		};
/* End PBXSourcesBuildPhase section */

/* Begin PBXVariantGroup section */
		464264F2217E3FCD0001C4AF /* Root.storyboard */ = {
			isa = PBXVariantGroup;
			children = (
				464264F3217E3FCD0001C4AF /* Base */,
			);
			name = Root.storyboard;
			sourceTree = "<group>";
		};
		464264F7217E3FCF0001C4AF /* LaunchScreen.storyboard */ = {
			isa = PBXVariantGroup;
			children = (
				464264F8217E3FCF0001C4AF /* Base */,
			);
			name = LaunchScreen.storyboard;
			sourceTree = "<group>";
		};
/* End PBXVariantGroup section */

/* Begin XCBuildConfiguration section */
		464264FB217E3FCF0001C4AF /* Debug */ = {
			isa = XCBuildConfiguration;
			buildSettings = {
				ALWAYS_SEARCH_USER_PATHS = NO;
				CLANG_ANALYZER_NONNULL = YES;
				CLANG_ANALYZER_NUMBER_OBJECT_CONVERSION = YES_AGGRESSIVE;
				CLANG_CXX_LANGUAGE_STANDARD = "gnu++14";
				CLANG_CXX_LIBRARY = "libc++";
				CLANG_ENABLE_MODULES = YES;
				CLANG_ENABLE_OBJC_ARC = YES;
				CLANG_ENABLE_OBJC_WEAK = YES;
				CLANG_WARN_BLOCK_CAPTURE_AUTORELEASING = YES;
				CLANG_WARN_BOOL_CONVERSION = YES;
				CLANG_WARN_COMMA = YES;
				CLANG_WARN_CONSTANT_CONVERSION = YES;
				CLANG_WARN_DEPRECATED_OBJC_IMPLEMENTATIONS = YES;
				CLANG_WARN_DIRECT_OBJC_ISA_USAGE = YES_ERROR;
				CLANG_WARN_DOCUMENTATION_COMMENTS = YES;
				CLANG_WARN_EMPTY_BODY = YES;
				CLANG_WARN_ENUM_CONVERSION = YES;
				CLANG_WARN_INFINITE_RECURSION = YES;
				CLANG_WARN_INT_CONVERSION = YES;
				CLANG_WARN_NON_LITERAL_NULL_CONVERSION = YES;
				CLANG_WARN_OBJC_IMPLICIT_RETAIN_SELF = YES;
				CLANG_WARN_OBJC_LITERAL_CONVERSION = YES;
				CLANG_WARN_OBJC_ROOT_CLASS = YES_ERROR;
				CLANG_WARN_RANGE_LOOP_ANALYSIS = YES;
				CLANG_WARN_STRICT_PROTOTYPES = YES;
				CLANG_WARN_SUSPICIOUS_MOVE = YES;
				CLANG_WARN_UNGUARDED_AVAILABILITY = YES_AGGRESSIVE;
				CLANG_WARN_UNREACHABLE_CODE = YES;
				CLANG_WARN__DUPLICATE_METHOD_MATCH = YES;
				CODE_SIGN_IDENTITY = "iPhone Developer";
				COPY_PHASE_STRIP = NO;
				DEBUG_INFORMATION_FORMAT = dwarf;
				ENABLE_STRICT_OBJC_MSGSEND = YES;
				ENABLE_TESTABILITY = YES;
				GCC_C_LANGUAGE_STANDARD = gnu11;
				GCC_DYNAMIC_NO_PIC = NO;
				GCC_NO_COMMON_BLOCKS = YES;
				GCC_OPTIMIZATION_LEVEL = 0;
				GCC_PREPROCESSOR_DEFINITIONS = (
					"DEBUG=1",
					"$(inherited)",
				);
				GCC_WARN_64_TO_32_BIT_CONVERSION = YES;
				GCC_WARN_ABOUT_RETURN_TYPE = YES_ERROR;
				GCC_WARN_UNDECLARED_SELECTOR = YES;
				GCC_WARN_UNINITIALIZED_AUTOS = YES_AGGRESSIVE;
				GCC_WARN_UNUSED_FUNCTION = YES;
				GCC_WARN_UNUSED_VARIABLE = YES;
				IPHONEOS_DEPLOYMENT_TARGET = 13.0;
				MTL_ENABLE_DEBUG_INFO = INCLUDE_SOURCE;
				MTL_FAST_MATH = YES;
				ONLY_ACTIVE_ARCH = YES;
				SDKROOT = iphoneos;
				SWIFT_ACTIVE_COMPILATION_CONDITIONS = DEBUG;
				SWIFT_OPTIMIZATION_LEVEL = "-Onone";
			};
			name = Debug;
		};
		464264FC217E3FCF0001C4AF /* Release */ = {
			isa = XCBuildConfiguration;
			buildSettings = {
				ALWAYS_SEARCH_USER_PATHS = NO;
				CLANG_ANALYZER_NONNULL = YES;
				CLANG_ANALYZER_NUMBER_OBJECT_CONVERSION = YES_AGGRESSIVE;
				CLANG_CXX_LANGUAGE_STANDARD = "gnu++14";
				CLANG_CXX_LIBRARY = "libc++";
				CLANG_ENABLE_MODULES = YES;
				CLANG_ENABLE_OBJC_ARC = YES;
				CLANG_ENABLE_OBJC_WEAK = YES;
				CLANG_WARN_BLOCK_CAPTURE_AUTORELEASING = YES;
				CLANG_WARN_BOOL_CONVERSION = YES;
				CLANG_WARN_COMMA = YES;
				CLANG_WARN_CONSTANT_CONVERSION = YES;
				CLANG_WARN_DEPRECATED_OBJC_IMPLEMENTATIONS = YES;
				CLANG_WARN_DIRECT_OBJC_ISA_USAGE = YES_ERROR;
				CLANG_WARN_DOCUMENTATION_COMMENTS = YES;
				CLANG_WARN_EMPTY_BODY = YES;
				CLANG_WARN_ENUM_CONVERSION = YES;
				CLANG_WARN_INFINITE_RECURSION = YES;
				CLANG_WARN_INT_CONVERSION = YES;
				CLANG_WARN_NON_LITERAL_NULL_CONVERSION = YES;
				CLANG_WARN_OBJC_IMPLICIT_RETAIN_SELF = YES;
				CLANG_WARN_OBJC_LITERAL_CONVERSION = YES;
				CLANG_WARN_OBJC_ROOT_CLASS = YES_ERROR;
				CLANG_WARN_RANGE_LOOP_ANALYSIS = YES;
				CLANG_WARN_STRICT_PROTOTYPES = YES;
				CLANG_WARN_SUSPICIOUS_MOVE = YES;
				CLANG_WARN_UNGUARDED_AVAILABILITY = YES_AGGRESSIVE;
				CLANG_WARN_UNREACHABLE_CODE = YES;
				CLANG_WARN__DUPLICATE_METHOD_MATCH = YES;
				CODE_SIGN_IDENTITY = "iPhone Developer";
				COPY_PHASE_STRIP = NO;
				DEBUG_INFORMATION_FORMAT = "dwarf-with-dsym";
				ENABLE_NS_ASSERTIONS = NO;
				ENABLE_STRICT_OBJC_MSGSEND = YES;
				GCC_C_LANGUAGE_STANDARD = gnu11;
				GCC_NO_COMMON_BLOCKS = YES;
				GCC_WARN_64_TO_32_BIT_CONVERSION = YES;
				GCC_WARN_ABOUT_RETURN_TYPE = YES_ERROR;
				GCC_WARN_UNDECLARED_SELECTOR = YES;
				GCC_WARN_UNINITIALIZED_AUTOS = YES_AGGRESSIVE;
				GCC_WARN_UNUSED_FUNCTION = YES;
				GCC_WARN_UNUSED_VARIABLE = YES;
				IPHONEOS_DEPLOYMENT_TARGET = 13.0;
				MTL_ENABLE_DEBUG_INFO = NO;
				MTL_FAST_MATH = YES;
				SDKROOT = iphoneos;
				SWIFT_COMPILATION_MODE = wholemodule;
				SWIFT_OPTIMIZATION_LEVEL = "-O";
				VALIDATE_PRODUCT = YES;
			};
			name = Release;
		};
		464264FE217E3FCF0001C4AF /* Debug */ = {
			isa = XCBuildConfiguration;
			buildSettings = {
				ASSETCATALOG_COMPILER_APPICON_NAME = AppIcon;
				CODE_SIGN_STYLE = Automatic;
				INFOPLIST_FILE = Tinderbar/Info.plist;
				LD_RUNPATH_SEARCH_PATHS = (
					"$(inherited)",
					"@executable_path/Frameworks",
				);
				PRODUCT_BUNDLE_IDENTIFIER = com.uias.Tinderbar;
				PRODUCT_NAME = "$(TARGET_NAME)";
				SWIFT_VERSION = 5.0;
				TARGETED_DEVICE_FAMILY = 1;
			};
			name = Debug;
		};
		464264FF217E3FCF0001C4AF /* Release */ = {
			isa = XCBuildConfiguration;
			buildSettings = {
				ASSETCATALOG_COMPILER_APPICON_NAME = AppIcon;
				CODE_SIGN_STYLE = Automatic;
				INFOPLIST_FILE = Tinderbar/Info.plist;
				LD_RUNPATH_SEARCH_PATHS = (
					"$(inherited)",
					"@executable_path/Frameworks",
				);
				PRODUCT_BUNDLE_IDENTIFIER = com.uias.Tinderbar;
				PRODUCT_NAME = "$(TARGET_NAME)";
				SWIFT_VERSION = 5.0;
				TARGETED_DEVICE_FAMILY = 1;
			};
			name = Release;
		};
/* End XCBuildConfiguration section */

/* Begin XCConfigurationList section */
		464264E6217E3FCD0001C4AF /* Build configuration list for PBXProject "Tinderbar" */ = {
			isa = XCConfigurationList;
			buildConfigurations = (
				464264FB217E3FCF0001C4AF /* Debug */,
				464264FC217E3FCF0001C4AF /* Release */,
			);
			defaultConfigurationIsVisible = 0;
			defaultConfigurationName = Release;
		};
		464264FD217E3FCF0001C4AF /* Build configuration list for PBXNativeTarget "Tinderbar" */ = {
			isa = XCConfigurationList;
			buildConfigurations = (
				464264FE217E3FCF0001C4AF /* Debug */,
				464264FF217E3FCF0001C4AF /* Release */,
			);
			defaultConfigurationIsVisible = 0;
			defaultConfigurationName = Release;
		};
/* End XCConfigurationList section */

/* Begin XCRemoteSwiftPackageReference section */
		46F12DF623292C3B000EC76A /* XCRemoteSwiftPackageReference "Tabman" */ = {
			isa = XCRemoteSwiftPackageReference;
			repositoryURL = "https://github.com/uias/Tabman";
			requirement = {
				kind = upToNextMajorVersion;
				minimumVersion = 2.9.0;
			};
		};
/* End XCRemoteSwiftPackageReference section */

/* Begin XCSwiftPackageProductDependency section */
		46F12DF723292C3B000EC76A /* Tabman */ = {
			isa = XCSwiftPackageProductDependency;
			package = 46F12DF623292C3B000EC76A /* XCRemoteSwiftPackageReference "Tabman" */;
			productName = Tabman;
		};
/* End XCSwiftPackageProductDependency section */
	};
	rootObject = 464264E3217E3FCD0001C4AF /* Project object */;
}
