{
  "object": {
    "pins": [
      {
        "package": "Pageboy",
        "repositoryURL": "https://github.com/uias/Pageboy",
        "state": {
          "branch": null,
          "revision": "fcaaab06e634de68d2929883083683ec8cf5dade",
          "version": "3.6.1"
        }
      },
      {
        "package": "Tabman",
        "repositoryURL": "https://github.com/uias/Tabman",
        "state": {
          "branch": null,
          "revision": "2f01f14128c0762476d0a0c9b1bcf2bd52ed4e98",
          "version": "2.10.0"
        }
      }
    ]
  },
  "version": 1
}
