{
  "object": {
    "pins": [
      {
        "package": "Pageboy",
        "repositoryURL": "https://github.com/uias/Pageboy",
        "state": {
          "branch": null,
          "revision": "c949159e441492d94945a3d596553b02d33c27a5",
          "version": "3.5.0"
        }
      },
      {
        "package": "Tabman",
        "repositoryURL": "https://github.com/uias/Tabman",
        "state": {
          "branch": null,
          "revision": "6d6c036bf57e84422df5846ae378be4fa76487c9",
          "version": "2.8.0"
        }
      }
    ]
  },
  "version": 1
}
